
Microsoft Visual Studio Solution File, Format Version 12.00
# Visual Studio Version 17
VisualStudioVersion = 17.4.33213.308
MinimumVisualStudioVersion = 10.0.40219.1
Project("{FAE04EC0-301F-11D3-BF4B-00C04F79EFBC}") = "webQuanao2", "webQuanao2\webQuanao2.csproj", "{9FB779B9-C431-40A8-A6B9-72A03ABC9057}"
EndProject
Global
	GlobalSection(SolutionConfigurationPlatforms) = preSolution
		Debug|Any CPU = Debug|Any CPU
		Release|Any CPU = Release|Any CPU
	EndGlobalSection
	GlobalSection(ProjectConfigurationPlatforms) = postSolution
		{9FB779B9-C431-40A8-A6B9-72A03ABC9057}.Debug|Any CPU.ActiveCfg = Debug|Any CPU
		{9FB779B9-C431-40A8-A6B9-72A03ABC9057}.Debug|Any CPU.Build.0 = Debug|Any CPU
		{9FB779B9-C431-40A8-A6B9-72A03ABC9057}.Release|Any CPU.ActiveCfg = Release|Any CPU
		{9FB779B9-C431-40A8-A6B9-72A03ABC9057}.Release|Any CPU.Build.0 = Release|Any CPU
	EndGlobalSection
	GlobalSection(SolutionProperties) = preSolution
		HideSolutionNode = FALSE
	EndGlobalSection
	GlobalSection(ExtensibilityGlobals) = postSolution
		SolutionGuid = {950F7A6B-08C7-4731-AA49-D2D68CA5D604}
	EndGlobalSection
EndGlobal
